// !$*UTF8*$!
{
	archiveVersion = 1;
	classes = {
	};
	objectVersion = 56;
	objects = {

/* Begin PBXBuildFile section */
		8420CD6E2B9E2CC300A33891 /* YsabeauOffice-Italic.ttf in Resources */ = {isa = PBXBuildFile; fileRef = 8420CD692B9E2CC300A33891 /* YsabeauOffice-Italic.ttf */; };
		8420CD6F2B9E2CC300A33891 /* YsabeauOffice-Regular.ttf in Resources */ = {isa = PBXBuildFile; fileRef = 8420CD6A2B9E2CC300A33891 /* YsabeauOffice-Regular.ttf */; };
		8420CD702B9E2CC300A33891 /* YsabeauOffice-Light.ttf in Resources */ = {isa = PBXBuildFile; fileRef = 8420CD6B2B9E2CC300A33891 /* YsabeauOffice-Light.ttf */; };
		8420CD712B9E2CC300A33891 /* YsabeauOffice-Medium.ttf in Resources */ = {isa = PBXBuildFile; fileRef = 8420CD6C2B9E2CC300A33891 /* YsabeauOffice-Medium.ttf */; };
		8420CD722B9E2CC300A33891 /* YsabeauOffice-Bold.ttf in Resources */ = {isa = PBXBuildFile; fileRef = 8420CD6D2B9E2CC300A33891 /* YsabeauOffice-Bold.ttf */; };
		8459C84B2A4C5F1A00B82CE8 /* MusicVerseApp.swift in Sources */ = {isa = PBXBuildFile; fileRef = 8459C84A2A4C5F1A00B82CE8 /* MusicVerseApp.swift */; };
		8459C84D2A4C5F1A00B82CE8 /* OnboardingView.swift in Sources */ = {isa = PBXBuildFile; fileRef = 8459C84C2A4C5F1A00B82CE8 /* OnboardingView.swift */; };
		8459C84F2A4C5F1B00B82CE8 /* Assets.xcassets in Resources */ = {isa = PBXBuildFile; fileRef = 8459C84E2A4C5F1B00B82CE8 /* Assets.xcassets */; };
		8459C8522A4C5F1B00B82CE8 /* Preview Assets.xcassets in Resources */ = {isa = PBXBuildFile; fileRef = 8459C8512A4C5F1B00B82CE8 /* Preview Assets.xcassets */; };
		8459C85A2A4C60B100B82CE8 /* OnboardingPageView.swift in Sources */ = {isa = PBXBuildFile; fileRef = 8459C8592A4C60B100B82CE8 /* OnboardingPageView.swift */; };
		8459C85C2A4C61D100B82CE8 /* OnboardingPageViewModel.swift in Sources */ = {isa = PBXBuildFile; fileRef = 8459C85B2A4C61D100B82CE8 /* OnboardingPageViewModel.swift */; };
		8459C8642A4C7CE900B82CE8 /* swiftgen.yml in Resources */ = {isa = PBXBuildFile; fileRef = 8459C8632A4C7CE900B82CE8 /* swiftgen.yml */; };
		8459C86A2A4D74BB00B82CE8 /* Localizable.strings in Resources */ = {isa = PBXBuildFile; fileRef = 8459C86C2A4D74BB00B82CE8 /* Localizable.strings */; };
		8459C8702A4D74FD00B82CE8 /* Assets.swift in Sources */ = {isa = PBXBuildFile; fileRef = 8459C86E2A4D74FD00B82CE8 /* Assets.swift */; };
		8459C8712A4D74FD00B82CE8 /* Strings.swift in Sources */ = {isa = PBXBuildFile; fileRef = 8459C86F2A4D74FD00B82CE8 /* Strings.swift */; };
		8459C87F2A4D768E00B82CE8 /* Font.swift in Sources */ = {isa = PBXBuildFile; fileRef = 8459C87E2A4D768E00B82CE8 /* Font.swift */; };
		8459C8822A4D786C00B82CE8 /* FontFamily.swift in Sources */ = {isa = PBXBuildFile; fileRef = 8459C8812A4D786C00B82CE8 /* FontFamily.swift */; };
		8459C8852A4D79E100B82CE8 /* AppFont.swift in Sources */ = {isa = PBXBuildFile; fileRef = 8459C8842A4D79E100B82CE8 /* AppFont.swift */; };
		8459C8862A4D7C6600B82CE8 /* Colors.xcassets in Resources */ = {isa = PBXBuildFile; fileRef = 8459C8612A4C6E9C00B82CE8 /* Colors.xcassets */; };
		846A74342B9E3D1500546664 /* AudioPlayerViewController.swift in Sources */ = {isa = PBXBuildFile; fileRef = 846A74332B9E3D1500546664 /* AudioPlayerViewController.swift */; };
		846A74372B9E3D2700546664 /* AudioPlayer.storyboard in Resources */ = {isa = PBXBuildFile; fileRef = 846A74362B9E3D2700546664 /* AudioPlayer.storyboard */; };
		846A743A2B9E3D6700546664 /* AudioPlayerManager.swift in Sources */ = {isa = PBXBuildFile; fileRef = 846A74392B9E3D6700546664 /* AudioPlayerManager.swift */; };
		846A743E2B9E42D600546664 /* PlaybackView.swift in Sources */ = {isa = PBXBuildFile; fileRef = 846A743D2B9E42D600546664 /* PlaybackView.swift */; };
		846A74402B9E42DF00546664 /* PlaybackView.xib in Resources */ = {isa = PBXBuildFile; fileRef = 846A743F2B9E42DF00546664 /* PlaybackView.xib */; };
		846A74432B9E45A100546664 /* XibView.swift in Sources */ = {isa = PBXBuildFile; fileRef = 846A74422B9E45A100546664 /* XibView.swift */; };
		846A74462B9E49A900546664 /* UIView+Extension.swift in Sources */ = {isa = PBXBuildFile; fileRef = 846A74452B9E49A900546664 /* UIView+Extension.swift */; };
		846A74482B9E52EF00546664 /* AudioPlayerRepresentable.swift in Sources */ = {isa = PBXBuildFile; fileRef = 846A74472B9E52EF00546664 /* AudioPlayerRepresentable.swift */; };
		846A744A2B9E53D600546664 /* UIStoryboard+Extension.swift in Sources */ = {isa = PBXBuildFile; fileRef = 846A74492B9E53D600546664 /* UIStoryboard+Extension.swift */; };
		846A744C2B9E577100546664 /* AppRootManager.swift in Sources */ = {isa = PBXBuildFile; fileRef = 846A744B2B9E577100546664 /* AppRootManager.swift */; };
		846A744E2B9EFADD00546664 /* UIColor+Extension.swift in Sources */ = {isa = PBXBuildFile; fileRef = 846A744D2B9EFADD00546664 /* UIColor+Extension.swift */; };
		8484470A2BCA8B2000066CB8 /* PlayerSlider.swift in Sources */ = {isa = PBXBuildFile; fileRef = 848447092BCA8B2000066CB8 /* PlayerSlider.swift */; };
		8484470C2BCA8CEE00066CB8 /* UIImage+Extension.swift in Sources */ = {isa = PBXBuildFile; fileRef = 8484470B2BCA8CEE00066CB8 /* UIImage+Extension.swift */; };
		8484470E2BCA9A9F00066CB8 /* AudioPreloadInfo.swift in Sources */ = {isa = PBXBuildFile; fileRef = 8484470D2BCA9A9F00066CB8 /* AudioPreloadInfo.swift */; };
		848447122BCA9C2800066CB8 /* AudioPlayerError.swift in Sources */ = {isa = PBXBuildFile; fileRef = 848447112BCA9C2800066CB8 /* AudioPlayerError.swift */; };
		848447142BCA9DA500066CB8 /* Alert.swift in Sources */ = {isa = PBXBuildFile; fileRef = 848447132BCA9DA500066CB8 /* Alert.swift */; };
		848447162BCAA66500066CB8 /* Audio.swift in Sources */ = {isa = PBXBuildFile; fileRef = 848447152BCAA66500066CB8 /* Audio.swift */; };
		848447192BCAA90B00066CB8 /* TimeFormatter.swift in Sources */ = {isa = PBXBuildFile; fileRef = 848447182BCAA90B00066CB8 /* TimeFormatter.swift */; };
		8484471C2BCB0EB600066CB8 /* PlayerStatus.swift in Sources */ = {isa = PBXBuildFile; fileRef = 8484471B2BCB0EB600066CB8 /* PlayerStatus.swift */; };
		8484471E2BCB156E00066CB8 /* PaletteColor.swift in Sources */ = {isa = PBXBuildFile; fileRef = 8484471D2BCB156E00066CB8 /* PaletteColor.swift */; };
		848447222BCB31AB00066CB8 /* HomeView.swift in Sources */ = {isa = PBXBuildFile; fileRef = 848447212BCB31AB00066CB8 /* HomeView.swift */; };
		848447262BCC58A400066CB8 /* Storage.swift in Sources */ = {isa = PBXBuildFile; fileRef = 848447252BCC58A400066CB8 /* Storage.swift */; };
		848447282BCC60A900066CB8 /* UserDefaults+Extension.swift in Sources */ = {isa = PBXBuildFile; fileRef = 848447272BCC60A900066CB8 /* UserDefaults+Extension.swift */; };
		8484472A2BCC617400066CB8 /* OnboardingViewModel.swift in Sources */ = {isa = PBXBuildFile; fileRef = 848447292BCC617400066CB8 /* OnboardingViewModel.swift */; };
		84DB78742BC88E1100EF7503 /* AudioPlayerViewModel.swift in Sources */ = {isa = PBXBuildFile; fileRef = 84DB78732BC88E1100EF7503 /* AudioPlayerViewModel.swift */; };
		84DB78762BC88EA700EF7503 /* test.mp3 in Resources */ = {isa = PBXBuildFile; fileRef = 84DB78752BC88EA700EF7503 /* test.mp3 */; };
		84DB787B2BC8959300EF7503 /* BaseViewModel.swift in Sources */ = {isa = PBXBuildFile; fileRef = 84DB787A2BC8959300EF7503 /* BaseViewModel.swift */; };
		84DB787D2BC8959F00EF7503 /* BaseViewController.swift in Sources */ = {isa = PBXBuildFile; fileRef = 84DB787C2BC8959F00EF7503 /* BaseViewController.swift */; };
/* End PBXBuildFile section */

/* Begin PBXFileReference section */
		8420CD692B9E2CC300A33891 /* YsabeauOffice-Italic.ttf */ = {isa = PBXFileReference; lastKnownFileType = file; path = "YsabeauOffice-Italic.ttf"; sourceTree = "<group>"; };
		8420CD6A2B9E2CC300A33891 /* YsabeauOffice-Regular.ttf */ = {isa = PBXFileReference; lastKnownFileType = file; path = "YsabeauOffice-Regular.ttf"; sourceTree = "<group>"; };
		8420CD6B2B9E2CC300A33891 /* YsabeauOffice-Light.ttf */ = {isa = PBXFileReference; lastKnownFileType = file; path = "YsabeauOffice-Light.ttf"; sourceTree = "<group>"; };
		8420CD6C2B9E2CC300A33891 /* YsabeauOffice-Medium.ttf */ = {isa = PBXFileReference; lastKnownFileType = file; path = "YsabeauOffice-Medium.ttf"; sourceTree = "<group>"; };
		8420CD6D2B9E2CC300A33891 /* YsabeauOffice-Bold.ttf */ = {isa = PBXFileReference; lastKnownFileType = file; path = "YsabeauOffice-Bold.ttf"; sourceTree = "<group>"; };
		8459C8472A4C5F1A00B82CE8 /* MusicVerse.app */ = {isa = PBXFileReference; explicitFileType = wrapper.application; includeInIndex = 0; path = MusicVerse.app; sourceTree = BUILT_PRODUCTS_DIR; };
		8459C84A2A4C5F1A00B82CE8 /* MusicVerseApp.swift */ = {isa = PBXFileReference; lastKnownFileType = sourcecode.swift; path = MusicVerseApp.swift; sourceTree = "<group>"; };
		8459C84C2A4C5F1A00B82CE8 /* OnboardingView.swift */ = {isa = PBXFileReference; lastKnownFileType = sourcecode.swift; path = OnboardingView.swift; sourceTree = "<group>"; };
		8459C84E2A4C5F1B00B82CE8 /* Assets.xcassets */ = {isa = PBXFileReference; lastKnownFileType = folder.assetcatalog; path = Assets.xcassets; sourceTree = "<group>"; };
		8459C8512A4C5F1B00B82CE8 /* Preview Assets.xcassets */ = {isa = PBXFileReference; lastKnownFileType = folder.assetcatalog; path = "Preview Assets.xcassets"; sourceTree = "<group>"; };
		8459C8592A4C60B100B82CE8 /* OnboardingPageView.swift */ = {isa = PBXFileReference; lastKnownFileType = sourcecode.swift; path = OnboardingPageView.swift; sourceTree = "<group>"; };
		8459C85B2A4C61D100B82CE8 /* OnboardingPageViewModel.swift */ = {isa = PBXFileReference; lastKnownFileType = sourcecode.swift; path = OnboardingPageViewModel.swift; sourceTree = "<group>"; };
		8459C8612A4C6E9C00B82CE8 /* Colors.xcassets */ = {isa = PBXFileReference; lastKnownFileType = folder.assetcatalog; path = Colors.xcassets; sourceTree = "<group>"; };
		8459C8632A4C7CE900B82CE8 /* swiftgen.yml */ = {isa = PBXFileReference; fileEncoding = 4; lastKnownFileType = text.yaml; path = swiftgen.yml; sourceTree = "<group>"; };
		8459C86B2A4D74BB00B82CE8 /* en */ = {isa = PBXFileReference; lastKnownFileType = text.plist.strings; name = en; path = en.lproj/Localizable.strings; sourceTree = "<group>"; };
		8459C86E2A4D74FD00B82CE8 /* Assets.swift */ = {isa = PBXFileReference; fileEncoding = 4; lastKnownFileType = sourcecode.swift; path = Assets.swift; sourceTree = "<group>"; };
		8459C86F2A4D74FD00B82CE8 /* Strings.swift */ = {isa = PBXFileReference; fileEncoding = 4; lastKnownFileType = sourcecode.swift; path = Strings.swift; sourceTree = "<group>"; };
		8459C87E2A4D768E00B82CE8 /* Font.swift */ = {isa = PBXFileReference; lastKnownFileType = sourcecode.swift; path = Font.swift; sourceTree = "<group>"; };
		8459C8812A4D786C00B82CE8 /* FontFamily.swift */ = {isa = PBXFileReference; lastKnownFileType = sourcecode.swift; path = FontFamily.swift; sourceTree = "<group>"; };
		8459C8842A4D79E100B82CE8 /* AppFont.swift */ = {isa = PBXFileReference; lastKnownFileType = sourcecode.swift; path = AppFont.swift; sourceTree = "<group>"; };
		846A74332B9E3D1500546664 /* AudioPlayerViewController.swift */ = {isa = PBXFileReference; lastKnownFileType = sourcecode.swift; path = AudioPlayerViewController.swift; sourceTree = "<group>"; };
		846A74362B9E3D2700546664 /* AudioPlayer.storyboard */ = {isa = PBXFileReference; lastKnownFileType = file.storyboard; path = AudioPlayer.storyboard; sourceTree = "<group>"; };
		846A74392B9E3D6700546664 /* AudioPlayerManager.swift */ = {isa = PBXFileReference; lastKnownFileType = sourcecode.swift; path = AudioPlayerManager.swift; sourceTree = "<group>"; };
		846A743D2B9E42D600546664 /* PlaybackView.swift */ = {isa = PBXFileReference; lastKnownFileType = sourcecode.swift; path = PlaybackView.swift; sourceTree = "<group>"; };
		846A743F2B9E42DF00546664 /* PlaybackView.xib */ = {isa = PBXFileReference; lastKnownFileType = file.xib; path = PlaybackView.xib; sourceTree = "<group>"; };
		846A74422B9E45A100546664 /* XibView.swift */ = {isa = PBXFileReference; lastKnownFileType = sourcecode.swift; path = XibView.swift; sourceTree = "<group>"; };
		846A74452B9E49A900546664 /* UIView+Extension.swift */ = {isa = PBXFileReference; lastKnownFileType = sourcecode.swift; path = "UIView+Extension.swift"; sourceTree = "<group>"; };
		846A74472B9E52EF00546664 /* AudioPlayerRepresentable.swift */ = {isa = PBXFileReference; lastKnownFileType = sourcecode.swift; path = AudioPlayerRepresentable.swift; sourceTree = "<group>"; };
		846A74492B9E53D600546664 /* UIStoryboard+Extension.swift */ = {isa = PBXFileReference; lastKnownFileType = sourcecode.swift; path = "UIStoryboard+Extension.swift"; sourceTree = "<group>"; };
		846A744B2B9E577100546664 /* AppRootManager.swift */ = {isa = PBXFileReference; lastKnownFileType = sourcecode.swift; path = AppRootManager.swift; sourceTree = "<group>"; };
		846A744D2B9EFADD00546664 /* UIColor+Extension.swift */ = {isa = PBXFileReference; lastKnownFileType = sourcecode.swift; path = "UIColor+Extension.swift"; sourceTree = "<group>"; };
		848447092BCA8B2000066CB8 /* PlayerSlider.swift */ = {isa = PBXFileReference; lastKnownFileType = sourcecode.swift; path = PlayerSlider.swift; sourceTree = "<group>"; };
		8484470B2BCA8CEE00066CB8 /* UIImage+Extension.swift */ = {isa = PBXFileReference; lastKnownFileType = sourcecode.swift; path = "UIImage+Extension.swift"; sourceTree = "<group>"; };
		8484470D2BCA9A9F00066CB8 /* AudioPreloadInfo.swift */ = {isa = PBXFileReference; lastKnownFileType = sourcecode.swift; path = AudioPreloadInfo.swift; sourceTree = "<group>"; };
		848447112BCA9C2800066CB8 /* AudioPlayerError.swift */ = {isa = PBXFileReference; lastKnownFileType = sourcecode.swift; path = AudioPlayerError.swift; sourceTree = "<group>"; };
		848447132BCA9DA500066CB8 /* Alert.swift */ = {isa = PBXFileReference; lastKnownFileType = sourcecode.swift; path = Alert.swift; sourceTree = "<group>"; };
		848447152BCAA66500066CB8 /* Audio.swift */ = {isa = PBXFileReference; lastKnownFileType = sourcecode.swift; path = Audio.swift; sourceTree = "<group>"; };
		848447182BCAA90B00066CB8 /* TimeFormatter.swift */ = {isa = PBXFileReference; lastKnownFileType = sourcecode.swift; path = TimeFormatter.swift; sourceTree = "<group>"; };
		8484471B2BCB0EB600066CB8 /* PlayerStatus.swift */ = {isa = PBXFileReference; lastKnownFileType = sourcecode.swift; path = PlayerStatus.swift; sourceTree = "<group>"; };
		8484471D2BCB156E00066CB8 /* PaletteColor.swift */ = {isa = PBXFileReference; lastKnownFileType = sourcecode.swift; path = PaletteColor.swift; sourceTree = "<group>"; };
		848447212BCB31AB00066CB8 /* HomeView.swift */ = {isa = PBXFileReference; lastKnownFileType = sourcecode.swift; path = HomeView.swift; sourceTree = "<group>"; };
		848447252BCC58A400066CB8 /* Storage.swift */ = {isa = PBXFileReference; lastKnownFileType = sourcecode.swift; path = Storage.swift; sourceTree = "<group>"; };
		848447272BCC60A900066CB8 /* UserDefaults+Extension.swift */ = {isa = PBXFileReference; lastKnownFileType = sourcecode.swift; path = "UserDefaults+Extension.swift"; sourceTree = "<group>"; };
		848447292BCC617400066CB8 /* OnboardingViewModel.swift */ = {isa = PBXFileReference; lastKnownFileType = sourcecode.swift; path = OnboardingViewModel.swift; sourceTree = "<group>"; };
		848E9FA52BC1BD90005FD9F7 /* Info.plist */ = {isa = PBXFileReference; lastKnownFileType = text.plist.xml; path = Info.plist; sourceTree = "<group>"; };
		84DB78732BC88E1100EF7503 /* AudioPlayerViewModel.swift */ = {isa = PBXFileReference; lastKnownFileType = sourcecode.swift; path = AudioPlayerViewModel.swift; sourceTree = "<group>"; };
		84DB78752BC88EA700EF7503 /* test.mp3 */ = {isa = PBXFileReference; lastKnownFileType = audio.mp3; path = test.mp3; sourceTree = "<group>"; };
		84DB787A2BC8959300EF7503 /* BaseViewModel.swift */ = {isa = PBXFileReference; lastKnownFileType = sourcecode.swift; path = BaseViewModel.swift; sourceTree = "<group>"; };
		84DB787C2BC8959F00EF7503 /* BaseViewController.swift */ = {isa = PBXFileReference; lastKnownFileType = sourcecode.swift; path = BaseViewController.swift; sourceTree = "<group>"; };
/* End PBXFileReference section */

/* Begin PBXFrameworksBuildPhase section */
		8459C8442A4C5F1A00B82CE8 /* Frameworks */ = {
			isa = PBXFrameworksBuildPhase;
			buildActionMask = 2147483647;
			files = (
			);
			runOnlyForDeploymentPostprocessing = 0;
		};
/* End PBXFrameworksBuildPhase section */

/* Begin PBXGroup section */
		8459C83E2A4C5F1A00B82CE8 = {
			isa = PBXGroup;
			children = (
				8459C8632A4C7CE900B82CE8 /* swiftgen.yml */,
				8459C8492A4C5F1A00B82CE8 /* MusicVerse */,
				8459C8482A4C5F1A00B82CE8 /* Products */,
			);
			sourceTree = "<group>";
		};
		8459C8482A4C5F1A00B82CE8 /* Products */ = {
			isa = PBXGroup;
			children = (
				8459C8472A4C5F1A00B82CE8 /* MusicVerse.app */,
			);
			name = Products;
			sourceTree = "<group>";
		};
		8459C8492A4C5F1A00B82CE8 /* MusicVerse */ = {
			isa = PBXGroup;
			children = (
				848E9FA52BC1BD90005FD9F7 /* Info.plist */,
				84DB78772BC8957100EF7503 /* UIKIt */,
				8484471F2BCB2D3100066CB8 /* SwiftUI */,
				848447172BCAA8DC00066CB8 /* Utils */,
				846A74442B9E495500546664 /* Extensions */,
				846A743B2B9E3FDE00546664 /* Model */,
				846A74382B9E3D5100546664 /* Manager */,
				8459C87D2A4D768100B82CE8 /* Fonts */,
				8459C8602A4C6E8900B82CE8 /* Resources */,
				8459C8502A4C5F1B00B82CE8 /* Preview Content */,
			);
			path = MusicVerse;
			sourceTree = "<group>";
		};
		8459C8502A4C5F1B00B82CE8 /* Preview Content */ = {
			isa = PBXGroup;
			children = (
				8459C8512A4C5F1B00B82CE8 /* Preview Assets.xcassets */,
			);
			path = "Preview Content";
			sourceTree = "<group>";
		};
		8459C8582A4C609400B82CE8 /* OnboardingPage */ = {
			isa = PBXGroup;
			children = (
				8459C8592A4C60B100B82CE8 /* OnboardingPageView.swift */,
				8459C85B2A4C61D100B82CE8 /* OnboardingPageViewModel.swift */,
			);
			path = OnboardingPage;
			sourceTree = "<group>";
		};
		8459C8602A4C6E8900B82CE8 /* Resources */ = {
			isa = PBXGroup;
			children = (
				8484471A2BCB068D00066CB8 /* Musics */,
				8459C8722A4D761B00B82CE8 /* Fonts */,
				8459C86E2A4D74FD00B82CE8 /* Assets.swift */,
				8459C86F2A4D74FD00B82CE8 /* Strings.swift */,
				8459C84E2A4C5F1B00B82CE8 /* Assets.xcassets */,
				8459C8612A4C6E9C00B82CE8 /* Colors.xcassets */,
				8459C86C2A4D74BB00B82CE8 /* Localizable.strings */,
			);
			path = Resources;
			sourceTree = "<group>";
		};
		8459C8722A4D761B00B82CE8 /* Fonts */ = {
			isa = PBXGroup;
			children = (
				8420CD6D2B9E2CC300A33891 /* YsabeauOffice-Bold.ttf */,
				8420CD692B9E2CC300A33891 /* YsabeauOffice-Italic.ttf */,
				8420CD6B2B9E2CC300A33891 /* YsabeauOffice-Light.ttf */,
				8420CD6C2B9E2CC300A33891 /* YsabeauOffice-Medium.ttf */,
				8420CD6A2B9E2CC300A33891 /* YsabeauOffice-Regular.ttf */,
			);
			path = Fonts;
			sourceTree = "<group>";
		};
		8459C87D2A4D768100B82CE8 /* Fonts */ = {
			isa = PBXGroup;
			children = (
				8459C87E2A4D768E00B82CE8 /* Font.swift */,
				8459C8812A4D786C00B82CE8 /* FontFamily.swift */,
			);
			path = Fonts;
			sourceTree = "<group>";
		};
		8459C8832A4D79CC00B82CE8 /* ViewModifier */ = {
			isa = PBXGroup;
			children = (
				8459C8842A4D79E100B82CE8 /* AppFont.swift */,
			);
			path = ViewModifier;
			sourceTree = "<group>";
		};
		846A74322B9E3AA300546664 /* Modules */ = {
			isa = PBXGroup;
			children = (
				846A74352B9E3D1700546664 /* AudioPlayer */,
			);
			name = Modules;
			path = ../Modules;
			sourceTree = "<group>";
		};
		846A74352B9E3D1700546664 /* AudioPlayer */ = {
			isa = PBXGroup;
			children = (
				846A743C2B9E42C600546664 /* PlaybackView */,
				846A74332B9E3D1500546664 /* AudioPlayerViewController.swift */,
				846A74362B9E3D2700546664 /* AudioPlayer.storyboard */,
				846A74472B9E52EF00546664 /* AudioPlayerRepresentable.swift */,
				84DB78732BC88E1100EF7503 /* AudioPlayerViewModel.swift */,
			);
			path = AudioPlayer;
			sourceTree = "<group>";
		};
		846A74382B9E3D5100546664 /* Manager */ = {
			isa = PBXGroup;
			children = (
				846A74392B9E3D6700546664 /* AudioPlayerManager.swift */,
				846A744B2B9E577100546664 /* AppRootManager.swift */,
			);
			path = Manager;
			sourceTree = "<group>";
		};
		846A743B2B9E3FDE00546664 /* Model */ = {
			isa = PBXGroup;
			children = (
				8484470F2BCA9AA200066CB8 /* Internal */,
			);
			path = Model;
			sourceTree = "<group>";
		};
		846A743C2B9E42C600546664 /* PlaybackView */ = {
			isa = PBXGroup;
			children = (
				846A743D2B9E42D600546664 /* PlaybackView.swift */,
				846A743F2B9E42DF00546664 /* PlaybackView.xib */,
			);
			path = PlaybackView;
			sourceTree = "<group>";
		};
		846A74412B9E458D00546664 /* View */ = {
			isa = PBXGroup;
			children = (
				846A74422B9E45A100546664 /* XibView.swift */,
				848447092BCA8B2000066CB8 /* PlayerSlider.swift */,
			);
			path = View;
			sourceTree = "<group>";
		};
		846A74442B9E495500546664 /* Extensions */ = {
			isa = PBXGroup;
			children = (
				846A74452B9E49A900546664 /* UIView+Extension.swift */,
				846A74492B9E53D600546664 /* UIStoryboard+Extension.swift */,
				846A744D2B9EFADD00546664 /* UIColor+Extension.swift */,
				8484470B2BCA8CEE00066CB8 /* UIImage+Extension.swift */,
				848447272BCC60A900066CB8 /* UserDefaults+Extension.swift */,
			);
			path = Extensions;
			sourceTree = "<group>";
		};
		8484470F2BCA9AA200066CB8 /* Internal */ = {
			isa = PBXGroup;
			children = (
				848447242BCC588600066CB8 /* PropertyWrapper */,
				848447102BCA9C1800066CB8 /* Error */,
				8484470D2BCA9A9F00066CB8 /* AudioPreloadInfo.swift */,
				848447132BCA9DA500066CB8 /* Alert.swift */,
				848447152BCAA66500066CB8 /* Audio.swift */,
				8484471B2BCB0EB600066CB8 /* PlayerStatus.swift */,
			);
			path = Internal;
			sourceTree = "<group>";
		};
		848447102BCA9C1800066CB8 /* Error */ = {
			isa = PBXGroup;
			children = (
				848447112BCA9C2800066CB8 /* AudioPlayerError.swift */,
			);
			path = Error;
			sourceTree = "<group>";
		};
		848447172BCAA8DC00066CB8 /* Utils */ = {
			isa = PBXGroup;
			children = (
				848447182BCAA90B00066CB8 /* TimeFormatter.swift */,
				8484471D2BCB156E00066CB8 /* PaletteColor.swift */,
			);
			path = Utils;
			sourceTree = "<group>";
		};
		8484471A2BCB068D00066CB8 /* Musics */ = {
			isa = PBXGroup;
			children = (
				84DB78752BC88EA700EF7503 /* test.mp3 */,
			);
			path = Musics;
			sourceTree = "<group>";
		};
		8484471F2BCB2D3100066CB8 /* SwiftUI */ = {
			isa = PBXGroup;
			children = (
				848447232BCB31AF00066CB8 /* Home */,
				8459C84A2A4C5F1A00B82CE8 /* MusicVerseApp.swift */,
				848447202BCB2D5600066CB8 /* Onboarding */,
				8459C8832A4D79CC00B82CE8 /* ViewModifier */,
				8459C8582A4C609400B82CE8 /* OnboardingPage */,
			);
			path = SwiftUI;
			sourceTree = "<group>";
		};
		848447202BCB2D5600066CB8 /* Onboarding */ = {
			isa = PBXGroup;
			children = (
				8459C84C2A4C5F1A00B82CE8 /* OnboardingView.swift */,
				848447292BCC617400066CB8 /* OnboardingViewModel.swift */,
			);
			path = Onboarding;
			sourceTree = "<group>";
		};
		848447232BCB31AF00066CB8 /* Home */ = {
			isa = PBXGroup;
			children = (
				848447212BCB31AB00066CB8 /* HomeView.swift */,
			);
			path = Home;
			sourceTree = "<group>";
		};
		848447242BCC588600066CB8 /* PropertyWrapper */ = {
			isa = PBXGroup;
			children = (
				848447252BCC58A400066CB8 /* Storage.swift */,
			);
			path = PropertyWrapper;
			sourceTree = "<group>";
		};
		84DB78772BC8957100EF7503 /* UIKIt */ = {
			isa = PBXGroup;
			children = (
				846A74322B9E3AA300546664 /* Modules */,
				846A74412B9E458D00546664 /* View */,
				84DB78792BC8957F00EF7503 /* ViewModel */,
				84DB78782BC8957700EF7503 /* ViewController */,
			);
			path = UIKIt;
			sourceTree = "<group>";
		};
		84DB78782BC8957700EF7503 /* ViewController */ = {
			isa = PBXGroup;
			children = (
				84DB787C2BC8959F00EF7503 /* BaseViewController.swift */,
			);
			path = ViewController;
			sourceTree = "<group>";
		};
		84DB78792BC8957F00EF7503 /* ViewModel */ = {
			isa = PBXGroup;
			children = (
				84DB787A2BC8959300EF7503 /* BaseViewModel.swift */,
			);
			path = ViewModel;
			sourceTree = "<group>";
		};
/* End PBXGroup section */

/* Begin PBXNativeTarget section */
		8459C8462A4C5F1A00B82CE8 /* MusicVerse */ = {
			isa = PBXNativeTarget;
			buildConfigurationList = 8459C8552A4C5F1B00B82CE8 /* Build configuration list for PBXNativeTarget "MusicVerse" */;
			buildPhases = (
				8459C8432A4C5F1A00B82CE8 /* Sources */,
				8459C8442A4C5F1A00B82CE8 /* Frameworks */,
				8459C8452A4C5F1A00B82CE8 /* Resources */,
				8459C8662A4C7FBA00B82CE8 /* Run Swiftgen */,
			);
			buildRules = (
			);
			dependencies = (
			);
			name = MusicVerse;
			productName = MusicVerse;
			productReference = 8459C8472A4C5F1A00B82CE8 /* MusicVerse.app */;
			productType = "com.apple.product-type.application";
		};
/* End PBXNativeTarget section */

/* Begin PBXProject section */
		8459C83F2A4C5F1A00B82CE8 /* Project object */ = {
			isa = PBXProject;
			attributes = {
				BuildIndependentTargetsInParallel = 1;
				LastSwiftUpdateCheck = 1430;
				LastUpgradeCheck = 1430;
				TargetAttributes = {
					8459C8462A4C5F1A00B82CE8 = {
						CreatedOnToolsVersion = 14.3;
					};
				};
			};
			buildConfigurationList = 8459C8422A4C5F1A00B82CE8 /* Build configuration list for PBXProject "MusicVerse" */;
			compatibilityVersion = "Xcode 14.0";
			developmentRegion = en;
			hasScannedForEncodings = 0;
			knownRegions = (
				en,
				Base,
			);
			mainGroup = 8459C83E2A4C5F1A00B82CE8;
			productRefGroup = 8459C8482A4C5F1A00B82CE8 /* Products */;
			projectDirPath = "";
			projectRoot = "";
			targets = (
				8459C8462A4C5F1A00B82CE8 /* MusicVerse */,
			);
		};
/* End PBXProject section */

/* Begin PBXResourcesBuildPhase section */
		8459C8452A4C5F1A00B82CE8 /* Resources */ = {
			isa = PBXResourcesBuildPhase;
			buildActionMask = 2147483647;
			files = (
				846A74372B9E3D2700546664 /* AudioPlayer.storyboard in Resources */,
				8459C8862A4D7C6600B82CE8 /* Colors.xcassets in Resources */,
				8420CD722B9E2CC300A33891 /* YsabeauOffice-Bold.ttf in Resources */,
				846A74402B9E42DF00546664 /* PlaybackView.xib in Resources */,
				8459C86A2A4D74BB00B82CE8 /* Localizable.strings in Resources */,
				8459C8522A4C5F1B00B82CE8 /* Preview Assets.xcassets in Resources */,
				8459C84F2A4C5F1B00B82CE8 /* Assets.xcassets in Resources */,
				8420CD712B9E2CC300A33891 /* YsabeauOffice-Medium.ttf in Resources */,
				84DB78762BC88EA700EF7503 /* test.mp3 in Resources */,
				8420CD6E2B9E2CC300A33891 /* YsabeauOffice-Italic.ttf in Resources */,
				8420CD6F2B9E2CC300A33891 /* YsabeauOffice-Regular.ttf in Resources */,
				8420CD702B9E2CC300A33891 /* YsabeauOffice-Light.ttf in Resources */,
				8459C8642A4C7CE900B82CE8 /* swiftgen.yml in Resources */,
			);
			runOnlyForDeploymentPostprocessing = 0;
		};
/* End PBXResourcesBuildPhase section */

/* Begin PBXShellScriptBuildPhase section */
		8459C8662A4C7FBA00B82CE8 /* Run Swiftgen */ = {
			isa = PBXShellScriptBuildPhase;
			buildActionMask = 12;
			files = (
			);
			inputFileListPaths = (
			);
			inputPaths = (
			);
			name = "Run Swiftgen";
			outputFileListPaths = (
			);
			outputPaths = (
			);
			runOnlyForDeploymentPostprocessing = 0;
			shellPath = /bin/sh;
			shellScript = "export PATH=\"$PATH:/opt/homebrew/bin\"\n\nif which swiftgen >/dev/null; then\n  swiftgen config run --config ${PROJECT_DIR}/swiftgen.yml\nelse\n  echo \"warning: SwiftGen not installed\"\nfi \n";
		};
/* End PBXShellScriptBuildPhase section */

/* Begin PBXSourcesBuildPhase section */
		8459C8432A4C5F1A00B82CE8 /* Sources */ = {
			isa = PBXSourcesBuildPhase;
			buildActionMask = 2147483647;
			files = (
				8459C85C2A4C61D100B82CE8 /* OnboardingPageViewModel.swift in Sources */,
				84DB787B2BC8959300EF7503 /* BaseViewModel.swift in Sources */,
				8459C85A2A4C60B100B82CE8 /* OnboardingPageView.swift in Sources */,
				846A74342B9E3D1500546664 /* AudioPlayerViewController.swift in Sources */,
				846A744E2B9EFADD00546664 /* UIColor+Extension.swift in Sources */,
				84DB787D2BC8959F00EF7503 /* BaseViewController.swift in Sources */,
				8459C8852A4D79E100B82CE8 /* AppFont.swift in Sources */,
				8459C87F2A4D768E00B82CE8 /* Font.swift in Sources */,
				8484471C2BCB0EB600066CB8 /* PlayerStatus.swift in Sources */,
				8484472A2BCC617400066CB8 /* OnboardingViewModel.swift in Sources */,
				846A74482B9E52EF00546664 /* AudioPlayerRepresentable.swift in Sources */,
				848447192BCAA90B00066CB8 /* TimeFormatter.swift in Sources */,
				8484470C2BCA8CEE00066CB8 /* UIImage+Extension.swift in Sources */,
				846A744A2B9E53D600546664 /* UIStoryboard+Extension.swift in Sources */,
				846A74432B9E45A100546664 /* XibView.swift in Sources */,
				848447282BCC60A900066CB8 /* UserDefaults+Extension.swift in Sources */,
				8459C8702A4D74FD00B82CE8 /* Assets.swift in Sources */,
				8459C8822A4D786C00B82CE8 /* FontFamily.swift in Sources */,
				848447262BCC58A400066CB8 /* Storage.swift in Sources */,
				848447222BCB31AB00066CB8 /* HomeView.swift in Sources */,
				846A74462B9E49A900546664 /* UIView+Extension.swift in Sources */,
				84DB78742BC88E1100EF7503 /* AudioPlayerViewModel.swift in Sources */,
				8484470A2BCA8B2000066CB8 /* PlayerSlider.swift in Sources */,
				848447122BCA9C2800066CB8 /* AudioPlayerError.swift in Sources */,
				848447162BCAA66500066CB8 /* Audio.swift in Sources */,
				848447142BCA9DA500066CB8 /* Alert.swift in Sources */,
				846A743E2B9E42D600546664 /* PlaybackView.swift in Sources */,
				846A743A2B9E3D6700546664 /* AudioPlayerManager.swift in Sources */,
				8459C84D2A4C5F1A00B82CE8 /* OnboardingView.swift in Sources */,
				846A744C2B9E577100546664 /* AppRootManager.swift in Sources */,
				8459C84B2A4C5F1A00B82CE8 /* MusicVerseApp.swift in Sources */,
				8484470E2BCA9A9F00066CB8 /* AudioPreloadInfo.swift in Sources */,
				8459C8712A4D74FD00B82CE8 /* Strings.swift in Sources */,
				8484471E2BCB156E00066CB8 /* PaletteColor.swift in Sources */,
			);
			runOnlyForDeploymentPostprocessing = 0;
		};
/* End PBXSourcesBuildPhase section */

/* Begin PBXVariantGroup section */
		8459C86C2A4D74BB00B82CE8 /* Localizable.strings */ = {
			isa = PBXVariantGroup;
			children = (
				8459C86B2A4D74BB00B82CE8 /* en */,
			);
			name = Localizable.strings;
			sourceTree = "<group>";
		};
/* End PBXVariantGroup section */

/* Begin XCBuildConfiguration section */
		8459C8532A4C5F1B00B82CE8 /* Debug */ = {
			isa = XCBuildConfiguration;
			buildSettings = {
				ALWAYS_SEARCH_USER_PATHS = NO;
				CLANG_ANALYZER_NONNULL = YES;
				CLANG_ANALYZER_NUMBER_OBJECT_CONVERSION = YES_AGGRESSIVE;
				CLANG_CXX_LANGUAGE_STANDARD = "gnu++20";
				CLANG_ENABLE_MODULES = YES;
				CLANG_ENABLE_OBJC_ARC = YES;
				CLANG_ENABLE_OBJC_WEAK = YES;
				CLANG_WARN_BLOCK_CAPTURE_AUTORELEASING = YES;
				CLANG_WARN_BOOL_CONVERSION = YES;
				CLANG_WARN_COMMA = YES;
				CLANG_WARN_CONSTANT_CONVERSION = YES;
				CLANG_WARN_DEPRECATED_OBJC_IMPLEMENTATIONS = YES;
				CLANG_WARN_DIRECT_OBJC_ISA_USAGE = YES_ERROR;
				CLANG_WARN_DOCUMENTATION_COMMENTS = YES;
				CLANG_WARN_EMPTY_BODY = YES;
				CLANG_WARN_ENUM_CONVERSION = YES;
				CLANG_WARN_INFINITE_RECURSION = YES;
				CLANG_WARN_INT_CONVERSION = YES;
				CLANG_WARN_NON_LITERAL_NULL_CONVERSION = YES;
				CLANG_WARN_OBJC_IMPLICIT_RETAIN_SELF = YES;
				CLANG_WARN_OBJC_LITERAL_CONVERSION = YES;
				CLANG_WARN_OBJC_ROOT_CLASS = YES_ERROR;
				CLANG_WARN_QUOTED_INCLUDE_IN_FRAMEWORK_HEADER = YES;
				CLANG_WARN_RANGE_LOOP_ANALYSIS = YES;
				CLANG_WARN_STRICT_PROTOTYPES = YES;
				CLANG_WARN_SUSPICIOUS_MOVE = YES;
				CLANG_WARN_UNGUARDED_AVAILABILITY = YES_AGGRESSIVE;
				CLANG_WARN_UNREACHABLE_CODE = YES;
				CLANG_WARN__DUPLICATE_METHOD_MATCH = YES;
				COPY_PHASE_STRIP = NO;
				DEBUG_INFORMATION_FORMAT = dwarf;
				ENABLE_STRICT_OBJC_MSGSEND = YES;
				ENABLE_TESTABILITY = YES;
				GCC_C_LANGUAGE_STANDARD = gnu11;
				GCC_DYNAMIC_NO_PIC = NO;
				GCC_NO_COMMON_BLOCKS = YES;
				GCC_OPTIMIZATION_LEVEL = 0;
				GCC_PREPROCESSOR_DEFINITIONS = (
					"DEBUG=1",
					"$(inherited)",
				);
				GCC_WARN_64_TO_32_BIT_CONVERSION = YES;
				GCC_WARN_ABOUT_RETURN_TYPE = YES_ERROR;
				GCC_WARN_UNDECLARED_SELECTOR = YES;
				GCC_WARN_UNINITIALIZED_AUTOS = YES_AGGRESSIVE;
				GCC_WARN_UNUSED_FUNCTION = YES;
				GCC_WARN_UNUSED_VARIABLE = YES;
				IPHONEOS_DEPLOYMENT_TARGET = 16.4;
				MTL_ENABLE_DEBUG_INFO = INCLUDE_SOURCE;
				MTL_FAST_MATH = YES;
				ONLY_ACTIVE_ARCH = YES;
				SDKROOT = iphoneos;
				SWIFT_ACTIVE_COMPILATION_CONDITIONS = DEBUG;
				SWIFT_OPTIMIZATION_LEVEL = "-Onone";
			};
			name = Debug;
		};
		8459C8542A4C5F1B00B82CE8 /* Release */ = {
			isa = XCBuildConfiguration;
			buildSettings = {
				ALWAYS_SEARCH_USER_PATHS = NO;
				CLANG_ANALYZER_NONNULL = YES;
				CLANG_ANALYZER_NUMBER_OBJECT_CONVERSION = YES_AGGRESSIVE;
				CLANG_CXX_LANGUAGE_STANDARD = "gnu++20";
				CLANG_ENABLE_MODULES = YES;
				CLANG_ENABLE_OBJC_ARC = YES;
				CLANG_ENABLE_OBJC_WEAK = YES;
				CLANG_WARN_BLOCK_CAPTURE_AUTORELEASING = YES;
				CLANG_WARN_BOOL_CONVERSION = YES;
				CLANG_WARN_COMMA = YES;
				CLANG_WARN_CONSTANT_CONVERSION = YES;
				CLANG_WARN_DEPRECATED_OBJC_IMPLEMENTATIONS = YES;
				CLANG_WARN_DIRECT_OBJC_ISA_USAGE = YES_ERROR;
				CLANG_WARN_DOCUMENTATION_COMMENTS = YES;
				CLANG_WARN_EMPTY_BODY = YES;
				CLANG_WARN_ENUM_CONVERSION = YES;
				CLANG_WARN_INFINITE_RECURSION = YES;
				CLANG_WARN_INT_CONVERSION = YES;
				CLANG_WARN_NON_LITERAL_NULL_CONVERSION = YES;
				CLANG_WARN_OBJC_IMPLICIT_RETAIN_SELF = YES;
				CLANG_WARN_OBJC_LITERAL_CONVERSION = YES;
				CLANG_WARN_OBJC_ROOT_CLASS = YES_ERROR;
				CLANG_WARN_QUOTED_INCLUDE_IN_FRAMEWORK_HEADER = YES;
				CLANG_WARN_RANGE_LOOP_ANALYSIS = YES;
				CLANG_WARN_STRICT_PROTOTYPES = YES;
				CLANG_WARN_SUSPICIOUS_MOVE = YES;
				CLANG_WARN_UNGUARDED_AVAILABILITY = YES_AGGRESSIVE;
				CLANG_WARN_UNREACHABLE_CODE = YES;
				CLANG_WARN__DUPLICATE_METHOD_MATCH = YES;
				COPY_PHASE_STRIP = NO;
				DEBUG_INFORMATION_FORMAT = "dwarf-with-dsym";
				ENABLE_NS_ASSERTIONS = NO;
				ENABLE_STRICT_OBJC_MSGSEND = YES;
				GCC_C_LANGUAGE_STANDARD = gnu11;
				GCC_NO_COMMON_BLOCKS = YES;
				GCC_WARN_64_TO_32_BIT_CONVERSION = YES;
				GCC_WARN_ABOUT_RETURN_TYPE = YES_ERROR;
				GCC_WARN_UNDECLARED_SELECTOR = YES;
				GCC_WARN_UNINITIALIZED_AUTOS = YES_AGGRESSIVE;
				GCC_WARN_UNUSED_FUNCTION = YES;
				GCC_WARN_UNUSED_VARIABLE = YES;
				IPHONEOS_DEPLOYMENT_TARGET = 16.4;
				MTL_ENABLE_DEBUG_INFO = NO;
				MTL_FAST_MATH = YES;
				SDKROOT = iphoneos;
				SWIFT_COMPILATION_MODE = wholemodule;
				SWIFT_OPTIMIZATION_LEVEL = "-O";
				VALIDATE_PRODUCT = YES;
			};
			name = Release;
		};
		8459C8562A4C5F1B00B82CE8 /* Debug */ = {
			isa = XCBuildConfiguration;
			buildSettings = {
				ASSETCATALOG_COMPILER_APPICON_NAME = AppIcon;
				ASSETCATALOG_COMPILER_GLOBAL_ACCENT_COLOR_NAME = AccentColor;
				CODE_SIGN_STYLE = Automatic;
				CURRENT_PROJECT_VERSION = 1;
				DEVELOPMENT_ASSET_PATHS = "\"MusicVerse/Preview Content\"";
				DEVELOPMENT_TEAM = 67WPH73Y55;
				ENABLE_PREVIEWS = YES;
				GENERATE_INFOPLIST_FILE = YES;
				INFOPLIST_FILE = MusicVerse/Info.plist;
				INFOPLIST_KEY_LSApplicationCategoryType = "public.app-category.music";
				INFOPLIST_KEY_UIApplicationSceneManifest_Generation = YES;
				INFOPLIST_KEY_UIApplicationSupportsIndirectInputEvents = YES;
				INFOPLIST_KEY_UILaunchScreen_Generation = YES;
				INFOPLIST_KEY_UIRequiresFullScreen = NO;
				INFOPLIST_KEY_UISupportedInterfaceOrientations_iPad = "UIInterfaceOrientationPortrait UIInterfaceOrientationPortraitUpsideDown UIInterfaceOrientationLandscapeLeft UIInterfaceOrientationLandscapeRight";
				INFOPLIST_KEY_UISupportedInterfaceOrientations_iPhone = "UIInterfaceOrientationPortrait UIInterfaceOrientationLandscapeLeft UIInterfaceOrientationLandscapeRight";
				IPHONEOS_DEPLOYMENT_TARGET = 17.1;
				LD_RUNPATH_SEARCH_PATHS = (
					"$(inherited)",
					"@executable_path/Frameworks",
				);
				MARKETING_VERSION = 1.0;
				PRODUCT_BUNDLE_IDENTIFIER = app.music.verse.ua;
				PRODUCT_NAME = "$(TARGET_NAME)";
				SWIFT_EMIT_LOC_STRINGS = YES;
				SWIFT_VERSION = 5.0;
				TARGETED_DEVICE_FAMILY = "1,2";
			};
			name = Debug;
		};
		8459C8572A4C5F1B00B82CE8 /* Release */ = {
			isa = XCBuildConfiguration;
			buildSettings = {
				ASSETCATALOG_COMPILER_APPICON_NAME = AppIcon;
				ASSETCATALOG_COMPILER_GLOBAL_ACCENT_COLOR_NAME = AccentColor;
				CODE_SIGN_STYLE = Automatic;
				CURRENT_PROJECT_VERSION = 1;
				DEVELOPMENT_ASSET_PATHS = "\"MusicVerse/Preview Content\"";
				DEVELOPMENT_TEAM = 67WPH73Y55;
				ENABLE_PREVIEWS = YES;
				GENERATE_INFOPLIST_FILE = YES;
				INFOPLIST_FILE = MusicVerse/Info.plist;
				INFOPLIST_KEY_LSApplicationCategoryType = "public.app-category.music";
				INFOPLIST_KEY_UIApplicationSceneManifest_Generation = YES;
				INFOPLIST_KEY_UIApplicationSupportsIndirectInputEvents = YES;
				INFOPLIST_KEY_UILaunchScreen_Generation = YES;
				INFOPLIST_KEY_UIRequiresFullScreen = NO;
				INFOPLIST_KEY_UISupportedInterfaceOrientations_iPad = "UIInterfaceOrientationPortrait UIInterfaceOrientationPortraitUpsideDown UIInterfaceOrientationLandscapeLeft UIInterfaceOrientationLandscapeRight";
				INFOPLIST_KEY_UISupportedInterfaceOrientations_iPhone = "UIInterfaceOrientationPortrait UIInterfaceOrientationLandscapeLeft UIInterfaceOrientationLandscapeRight";
				IPHONEOS_DEPLOYMENT_TARGET = 17.1;
				LD_RUNPATH_SEARCH_PATHS = (
					"$(inherited)",
					"@executable_path/Frameworks",
				);
				MARKETING_VERSION = 1.0;
				PRODUCT_BUNDLE_IDENTIFIER = app.music.verse.ua;
				PRODUCT_NAME = "$(TARGET_NAME)";
				SWIFT_EMIT_LOC_STRINGS = YES;
				SWIFT_VERSION = 5.0;
				TARGETED_DEVICE_FAMILY = "1,2";
			};
			name = Release;
		};
/* End XCBuildConfiguration section */

/* Begin XCConfigurationList section */
		8459C8422A4C5F1A00B82CE8 /* Build configuration list for PBXProject "MusicVerse" */ = {
			isa = XCConfigurationList;
			buildConfigurations = (
				8459C8532A4C5F1B00B82CE8 /* Debug */,
				8459C8542A4C5F1B00B82CE8 /* Release */,
			);
			defaultConfigurationIsVisible = 0;
			defaultConfigurationName = Release;
		};
		8459C8552A4C5F1B00B82CE8 /* Build configuration list for PBXNativeTarget "MusicVerse" */ = {
			isa = XCConfigurationList;
			buildConfigurations = (
				8459C8562A4C5F1B00B82CE8 /* Debug */,
				8459C8572A4C5F1B00B82CE8 /* Release */,
			);
			defaultConfigurationIsVisible = 0;
			defaultConfigurationName = Release;
		};
/* End XCConfigurationList section */
	};
	rootObject = 8459C83F2A4C5F1A00B82CE8 /* Project object */;
}
